// !$*UTF8*$!
{
	archiveVersion = 1;
	classes = {
	};
	objectVersion = 51;
	objects = {

/* Begin PBXBuildFile section */
		12245C252491D1BC004561E0 /* AppDelegate.swift in Sources */ = {isa = PBXBuildFile; fileRef = 12245C242491D1BC004561E0 /* AppDelegate.swift */; };
		12245C272491D1BC004561E0 /* SceneDelegate.swift in Sources */ = {isa = PBXBuildFile; fileRef = 12245C262491D1BC004561E0 /* SceneDelegate.swift */; };
		12245C2C2491D1BC004561E0 /* Main.storyboard in Resources */ = {isa = PBXBuildFile; fileRef = 12245C2A2491D1BC004561E0 /* Main.storyboard */; };
		12245C2E2491D1C6004561E0 /* Assets.xcassets in Resources */ = {isa = PBXBuildFile; fileRef = 12245C2D2491D1C6004561E0 /* Assets.xcassets */; };
		12245C312491D1C6004561E0 /* LaunchScreen.storyboard in Resources */ = {isa = PBXBuildFile; fileRef = 12245C2F2491D1C6004561E0 /* LaunchScreen.storyboard */; };
		12245C3C2491D1C7004561E0 /* EasyTrashClubTests.swift in Sources */ = {isa = PBXBuildFile; fileRef = 12245C3B2491D1C7004561E0 /* EasyTrashClubTests.swift */; };
		12245C472491D1C7004561E0 /* EasyTrashClubUITests.swift in Sources */ = {isa = PBXBuildFile; fileRef = 12245C462491D1C7004561E0 /* EasyTrashClubUITests.swift */; };
		12245C5F2491DABF004561E0 /* OpeningViewController.swift in Sources */ = {isa = PBXBuildFile; fileRef = 12245C5E2491DABF004561E0 /* OpeningViewController.swift */; };
		12245C632491DF7A004561E0 /* Login.storyboard in Resources */ = {isa = PBXBuildFile; fileRef = 12245C622491DF7A004561E0 /* Login.storyboard */; };
		12245C662491E2C3004561E0 /* LogInViewController.swift in Sources */ = {isa = PBXBuildFile; fileRef = 12245C652491E2C3004561E0 /* LogInViewController.swift */; };
		122CDE452492BD03009CA994 /* UserNameViewController.swift in Sources */ = {isa = PBXBuildFile; fileRef = 122CDE442492BD03009CA994 /* UserNameViewController.swift */; };
		122CDE472492BD10009CA994 /* UserLocationViewController.swift in Sources */ = {isa = PBXBuildFile; fileRef = 122CDE462492BD10009CA994 /* UserLocationViewController.swift */; };
		122CDE4A2492C599009CA994 /* MainApp.storyboard in Resources */ = {isa = PBXBuildFile; fileRef = 122CDE492492C599009CA994 /* MainApp.storyboard */; };
		122CDE4C2492C6AA009CA994 /* UserEmailViewController.swift in Sources */ = {isa = PBXBuildFile; fileRef = 122CDE4B2492C6AA009CA994 /* UserEmailViewController.swift */; };
		122CDE4E2492C6B6009CA994 /* UserPhoneNumberViewController.swift in Sources */ = {isa = PBXBuildFile; fileRef = 122CDE4D2492C6B6009CA994 /* UserPhoneNumberViewController.swift */; };
		122CDE502492C6CD009CA994 /* UserProfileImageViewController.swift in Sources */ = {isa = PBXBuildFile; fileRef = 122CDE4F2492C6CD009CA994 /* UserProfileImageViewController.swift */; };
		122CDE522492C6DD009CA994 /* UserPasswordViewController.swift in Sources */ = {isa = PBXBuildFile; fileRef = 122CDE512492C6DD009CA994 /* UserPasswordViewController.swift */; };
		123E3A052492B73D00953F67 /* Registration.storyboard in Resources */ = {isa = PBXBuildFile; fileRef = 123E3A042492B73D00953F67 /* Registration.storyboard */; };
		1257C6AD249679CE00E4EC91 /* EasyTrashClub.mp4 in Resources */ = {isa = PBXBuildFile; fileRef = 1257C6AC249679CE00E4EC91 /* EasyTrashClub.mp4 */; };
		126A8C702494901900C80B5D /* GoogleService-Info.plist in Resources */ = {isa = PBXBuildFile; fileRef = 126A8C6F2494901900C80B5D /* GoogleService-Info.plist */; };
		128105352493255500390BCF /* Menu.storyboard in Resources */ = {isa = PBXBuildFile; fileRef = 128105342493255500390BCF /* Menu.storyboard */; };
		1EE4FE081A66419B8AE83F14 /* Pods_EasyTrashClub_EasyTrashClubUITests.framework in Frameworks */ = {isa = PBXBuildFile; fileRef = C95D8378B3C35496D1A90011 /* Pods_EasyTrashClub_EasyTrashClubUITests.framework */; };
		6192696C2E8793DD394901A9 /* Pods_EasyTrashClubTests.framework in Frameworks */ = {isa = PBXBuildFile; fileRef = 6F7775A2826FEF3AEEDE6DDC /* Pods_EasyTrashClubTests.framework */; };
		D3555A9A0946DB939346C89C /* Pods_EasyTrashClub.framework in Frameworks */ = {isa = PBXBuildFile; fileRef = 01F315B639649D980372B48F /* Pods_EasyTrashClub.framework */; };
/* End PBXBuildFile section */

/* Begin PBXContainerItemProxy section */
		12245C382491D1C7004561E0 /* PBXContainerItemProxy */ = {
			isa = PBXContainerItemProxy;
			containerPortal = 12245C192491D1BC004561E0 /* Project object */;
			proxyType = 1;
			remoteGlobalIDString = 12245C202491D1BC004561E0;
			remoteInfo = EasyTrashClub;
		};
		12245C432491D1C7004561E0 /* PBXContainerItemProxy */ = {
			isa = PBXContainerItemProxy;
			containerPortal = 12245C192491D1BC004561E0 /* Project object */;
			proxyType = 1;
			remoteGlobalIDString = 12245C202491D1BC004561E0;
			remoteInfo = EasyTrashClub;
		};
/* End PBXContainerItemProxy section */

/* Begin PBXFileReference section */
		01F315B639649D980372B48F /* Pods_EasyTrashClub.framework */ = {isa = PBXFileReference; explicitFileType = wrapper.framework; includeInIndex = 0; path = Pods_EasyTrashClub.framework; sourceTree = BUILT_PRODUCTS_DIR; };
		11568AC62AE4E7F263CD4FB5 /* Pods-EasyTrashClub.debug.xcconfig */ = {isa = PBXFileReference; includeInIndex = 1; lastKnownFileType = text.xcconfig; name = "Pods-EasyTrashClub.debug.xcconfig"; path = "Target Support Files/Pods-EasyTrashClub/Pods-EasyTrashClub.debug.xcconfig"; sourceTree = "<group>"; };
		12245C212491D1BC004561E0 /* EasyTrashClub.app */ = {isa = PBXFileReference; explicitFileType = wrapper.application; includeInIndex = 0; path = EasyTrashClub.app; sourceTree = BUILT_PRODUCTS_DIR; };
		12245C242491D1BC004561E0 /* AppDelegate.swift */ = {isa = PBXFileReference; lastKnownFileType = sourcecode.swift; path = AppDelegate.swift; sourceTree = "<group>"; };
		12245C262491D1BC004561E0 /* SceneDelegate.swift */ = {isa = PBXFileReference; lastKnownFileType = sourcecode.swift; path = SceneDelegate.swift; sourceTree = "<group>"; };
		12245C2B2491D1BC004561E0 /* Base */ = {isa = PBXFileReference; lastKnownFileType = file.storyboard; name = Base; path = Base.lproj/Main.storyboard; sourceTree = "<group>"; };
		12245C2D2491D1C6004561E0 /* Assets.xcassets */ = {isa = PBXFileReference; lastKnownFileType = folder.assetcatalog; path = Assets.xcassets; sourceTree = "<group>"; };
		12245C302491D1C6004561E0 /* Base */ = {isa = PBXFileReference; lastKnownFileType = file.storyboard; name = Base; path = Base.lproj/LaunchScreen.storyboard; sourceTree = "<group>"; };
		12245C322491D1C6004561E0 /* Info.plist */ = {isa = PBXFileReference; lastKnownFileType = text.plist.xml; path = Info.plist; sourceTree = "<group>"; };
		12245C372491D1C7004561E0 /* EasyTrashClubTests.xctest */ = {isa = PBXFileReference; explicitFileType = wrapper.cfbundle; includeInIndex = 0; path = EasyTrashClubTests.xctest; sourceTree = BUILT_PRODUCTS_DIR; };
		12245C3B2491D1C7004561E0 /* EasyTrashClubTests.swift */ = {isa = PBXFileReference; lastKnownFileType = sourcecode.swift; path = EasyTrashClubTests.swift; sourceTree = "<group>"; };
		12245C3D2491D1C7004561E0 /* Info.plist */ = {isa = PBXFileReference; lastKnownFileType = text.plist.xml; path = Info.plist; sourceTree = "<group>"; };
		12245C422491D1C7004561E0 /* EasyTrashClubUITests.xctest */ = {isa = PBXFileReference; explicitFileType = wrapper.cfbundle; includeInIndex = 0; path = EasyTrashClubUITests.xctest; sourceTree = BUILT_PRODUCTS_DIR; };
		12245C462491D1C7004561E0 /* EasyTrashClubUITests.swift */ = {isa = PBXFileReference; lastKnownFileType = sourcecode.swift; path = EasyTrashClubUITests.swift; sourceTree = "<group>"; };
		12245C482491D1C7004561E0 /* Info.plist */ = {isa = PBXFileReference; lastKnownFileType = text.plist.xml; path = Info.plist; sourceTree = "<group>"; };
		12245C5E2491DABF004561E0 /* OpeningViewController.swift */ = {isa = PBXFileReference; lastKnownFileType = sourcecode.swift; path = OpeningViewController.swift; sourceTree = "<group>"; };
		12245C622491DF7A004561E0 /* Login.storyboard */ = {isa = PBXFileReference; lastKnownFileType = file.storyboard; path = Login.storyboard; sourceTree = "<group>"; };
		12245C652491E2C3004561E0 /* LogInViewController.swift */ = {isa = PBXFileReference; lastKnownFileType = sourcecode.swift; path = LogInViewController.swift; sourceTree = "<group>"; };
		122CDE442492BD03009CA994 /* UserNameViewController.swift */ = {isa = PBXFileReference; lastKnownFileType = sourcecode.swift; path = UserNameViewController.swift; sourceTree = "<group>"; };
		122CDE462492BD10009CA994 /* UserLocationViewController.swift */ = {isa = PBXFileReference; lastKnownFileType = sourcecode.swift; path = UserLocationViewController.swift; sourceTree = "<group>"; };
		122CDE492492C599009CA994 /* MainApp.storyboard */ = {isa = PBXFileReference; lastKnownFileType = file.storyboard; path = MainApp.storyboard; sourceTree = "<group>"; };
		122CDE4B2492C6AA009CA994 /* UserEmailViewController.swift */ = {isa = PBXFileReference; lastKnownFileType = sourcecode.swift; path = UserEmailViewController.swift; sourceTree = "<group>"; };
		122CDE4D2492C6B6009CA994 /* UserPhoneNumberViewController.swift */ = {isa = PBXFileReference; lastKnownFileType = sourcecode.swift; path = UserPhoneNumberViewController.swift; sourceTree = "<group>"; };
		122CDE4F2492C6CD009CA994 /* UserProfileImageViewController.swift */ = {isa = PBXFileReference; lastKnownFileType = sourcecode.swift; path = UserProfileImageViewController.swift; sourceTree = "<group>"; };
		122CDE512492C6DD009CA994 /* UserPasswordViewController.swift */ = {isa = PBXFileReference; lastKnownFileType = sourcecode.swift; path = UserPasswordViewController.swift; sourceTree = "<group>"; };
		123E3A042492B73D00953F67 /* Registration.storyboard */ = {isa = PBXFileReference; lastKnownFileType = file.storyboard; path = Registration.storyboard; sourceTree = "<group>"; };
		1257C6AC249679CE00E4EC91 /* EasyTrashClub.mp4 */ = {isa = PBXFileReference; lastKnownFileType = file; name = EasyTrashClub.mp4; path = ../../../../EasyTrashClubProperties/EasyTrashClub.mp4; sourceTree = "<group>"; };
		126A8C6F2494901900C80B5D /* GoogleService-Info.plist */ = {isa = PBXFileReference; fileEncoding = 4; lastKnownFileType = text.plist.xml; path = "GoogleService-Info.plist"; sourceTree = "<group>"; };
		128105342493255500390BCF /* Menu.storyboard */ = {isa = PBXFileReference; lastKnownFileType = file.storyboard; path = Menu.storyboard; sourceTree = "<group>"; };
		13D731842573063D63BE3BCE /* Pods-EasyTrashClub-EasyTrashClubUITests.release.xcconfig */ = {isa = PBXFileReference; includeInIndex = 1; lastKnownFileType = text.xcconfig; name = "Pods-EasyTrashClub-EasyTrashClubUITests.release.xcconfig"; path = "Target Support Files/Pods-EasyTrashClub-EasyTrashClubUITests/Pods-EasyTrashClub-EasyTrashClubUITests.release.xcconfig"; sourceTree = "<group>"; };
		34C559AC90EDC836F470DAFD /* Pods-EasyTrashClubTests.debug.xcconfig */ = {isa = PBXFileReference; includeInIndex = 1; lastKnownFileType = text.xcconfig; name = "Pods-EasyTrashClubTests.debug.xcconfig"; path = "Target Support Files/Pods-EasyTrashClubTests/Pods-EasyTrashClubTests.debug.xcconfig"; sourceTree = "<group>"; };
		5B9FFE4172A493FB56B9E171 /* Pods-EasyTrashClub.release.xcconfig */ = {isa = PBXFileReference; includeInIndex = 1; lastKnownFileType = text.xcconfig; name = "Pods-EasyTrashClub.release.xcconfig"; path = "Target Support Files/Pods-EasyTrashClub/Pods-EasyTrashClub.release.xcconfig"; sourceTree = "<group>"; };
		6F7775A2826FEF3AEEDE6DDC /* Pods_EasyTrashClubTests.framework */ = {isa = PBXFileReference; explicitFileType = wrapper.framework; includeInIndex = 0; path = Pods_EasyTrashClubTests.framework; sourceTree = BUILT_PRODUCTS_DIR; };
		7888DEADBFB088EC97727B77 /* Pods-EasyTrashClub-EasyTrashClubUITests.debug.xcconfig */ = {isa = PBXFileReference; includeInIndex = 1; lastKnownFileType = text.xcconfig; name = "Pods-EasyTrashClub-EasyTrashClubUITests.debug.xcconfig"; path = "Target Support Files/Pods-EasyTrashClub-EasyTrashClubUITests/Pods-EasyTrashClub-EasyTrashClubUITests.debug.xcconfig"; sourceTree = "<group>"; };
		A6C25011F4BD5E29D60B4A2C /* Pods-EasyTrashClubTests.release.xcconfig */ = {isa = PBXFileReference; includeInIndex = 1; lastKnownFileType = text.xcconfig; name = "Pods-EasyTrashClubTests.release.xcconfig"; path = "Target Support Files/Pods-EasyTrashClubTests/Pods-EasyTrashClubTests.release.xcconfig"; sourceTree = "<group>"; };
		C95D8378B3C35496D1A90011 /* Pods_EasyTrashClub_EasyTrashClubUITests.framework */ = {isa = PBXFileReference; explicitFileType = wrapper.framework; includeInIndex = 0; path = Pods_EasyTrashClub_EasyTrashClubUITests.framework; sourceTree = BUILT_PRODUCTS_DIR; };
/* End PBXFileReference section */

/* Begin PBXFrameworksBuildPhase section */
		12245C1E2491D1BC004561E0 /* Frameworks */ = {
			isa = PBXFrameworksBuildPhase;
			buildActionMask = 2147483647;
			files = (
				D3555A9A0946DB939346C89C /* Pods_EasyTrashClub.framework in Frameworks */,
			);
			runOnlyForDeploymentPostprocessing = 0;
		};
		12245C342491D1C7004561E0 /* Frameworks */ = {
			isa = PBXFrameworksBuildPhase;
			buildActionMask = 2147483647;
			files = (
				6192696C2E8793DD394901A9 /* Pods_EasyTrashClubTests.framework in Frameworks */,
			);
			runOnlyForDeploymentPostprocessing = 0;
		};
		12245C3F2491D1C7004561E0 /* Frameworks */ = {
			isa = PBXFrameworksBuildPhase;
			buildActionMask = 2147483647;
			files = (
				1EE4FE081A66419B8AE83F14 /* Pods_EasyTrashClub_EasyTrashClubUITests.framework in Frameworks */,
			);
			runOnlyForDeploymentPostprocessing = 0;
		};
/* End PBXFrameworksBuildPhase section */

/* Begin PBXGroup section */
		12245C182491D1BC004561E0 = {
			isa = PBXGroup;
			children = (
				12245C232491D1BC004561E0 /* EasyTrashClub */,
				12245C3A2491D1C7004561E0 /* EasyTrashClubTests */,
				12245C452491D1C7004561E0 /* EasyTrashClubUITests */,
				12245C222491D1BC004561E0 /* Products */,
				7C519D72EE45FF35D9D06800 /* Pods */,
				C5021538D90ACA1C8ED74C36 /* Frameworks */,
			);
			sourceTree = "<group>";
		};
		12245C222491D1BC004561E0 /* Products */ = {
			isa = PBXGroup;
			children = (
				12245C212491D1BC004561E0 /* EasyTrashClub.app */,
				12245C372491D1C7004561E0 /* EasyTrashClubTests.xctest */,
				12245C422491D1C7004561E0 /* EasyTrashClubUITests.xctest */,
			);
			name = Products;
			sourceTree = "<group>";
		};
		12245C232491D1BC004561E0 /* EasyTrashClub */ = {
			isa = PBXGroup;
			children = (
				12245C552491D704004561E0 /* Models */,
				12245C562491D70F004561E0 /* Views */,
				12245C542491D6F8004561E0 /* Controllers */,
				12245C572491D731004561E0 /* Resources */,
			);
			path = EasyTrashClub;
			sourceTree = "<group>";
		};
		12245C3A2491D1C7004561E0 /* EasyTrashClubTests */ = {
			isa = PBXGroup;
			children = (
				12245C3B2491D1C7004561E0 /* EasyTrashClubTests.swift */,
				12245C3D2491D1C7004561E0 /* Info.plist */,
			);
			path = EasyTrashClubTests;
			sourceTree = "<group>";
		};
		12245C452491D1C7004561E0 /* EasyTrashClubUITests */ = {
			isa = PBXGroup;
			children = (
				12245C462491D1C7004561E0 /* EasyTrashClubUITests.swift */,
				12245C482491D1C7004561E0 /* Info.plist */,
			);
			path = EasyTrashClubUITests;
			sourceTree = "<group>";
		};
		12245C542491D6F8004561E0 /* Controllers */ = {
			isa = PBXGroup;
			children = (
				12245C592491D770004561E0 /* ModelControllers */,
				12245C582491D760004561E0 /* ViewControllers */,
			);
			path = Controllers;
			sourceTree = "<group>";
		};
		12245C552491D704004561E0 /* Models */ = {
			isa = PBXGroup;
			children = (
			);
			path = Models;
			sourceTree = "<group>";
		};
		12245C562491D70F004561E0 /* Views */ = {
			isa = PBXGroup;
			children = (
				12245C5A2491D90E004561E0 /* Storyboards */,
			);
			path = Views;
			sourceTree = "<group>";
		};
		12245C572491D731004561E0 /* Resources */ = {
			isa = PBXGroup;
			children = (
				12BC6AAC2494B0B70037E143 /* Videos */,
				12245C242491D1BC004561E0 /* AppDelegate.swift */,
				12245C262491D1BC004561E0 /* SceneDelegate.swift */,
				12245C2D2491D1C6004561E0 /* Assets.xcassets */,
				12245C322491D1C6004561E0 /* Info.plist */,
				126A8C6F2494901900C80B5D /* GoogleService-Info.plist */,
			);
			path = Resources;
			sourceTree = "<group>";
		};
		12245C582491D760004561E0 /* ViewControllers */ = {
			isa = PBXGroup;
			children = (
				122CDE432492BCE3009CA994 /* GetStarted */,
				12245C642491E2AD004561E0 /* Login */,
				12245C5D2491DAA4004561E0 /* Opening */,
			);
			path = ViewControllers;
			sourceTree = "<group>";
		};
		12245C592491D770004561E0 /* ModelControllers */ = {
			isa = PBXGroup;
			children = (
			);
			path = ModelControllers;
			sourceTree = "<group>";
		};
		12245C5A2491D90E004561E0 /* Storyboards */ = {
			isa = PBXGroup;
			children = (
				128105332493254300390BCF /* Menu */,
				122CDE482492C583009CA994 /* MainApp */,
				123E3A032492B72D00953F67 /* Registration */,
				12245C5B2491D91F004561E0 /* Opening */,
				12245C5C2491D938004561E0 /* Launch */,
				12245C602491DE81004561E0 /* Login */,
			);
			path = Storyboards;
			sourceTree = "<group>";
		};
		12245C5B2491D91F004561E0 /* Opening */ = {
			isa = PBXGroup;
			children = (
				12245C2A2491D1BC004561E0 /* Main.storyboard */,
			);
			path = Opening;
			sourceTree = "<group>";
		};
		12245C5C2491D938004561E0 /* Launch */ = {
			isa = PBXGroup;
			children = (
				12245C2F2491D1C6004561E0 /* LaunchScreen.storyboard */,
			);
			path = Launch;
			sourceTree = "<group>";
		};
		12245C5D2491DAA4004561E0 /* Opening */ = {
			isa = PBXGroup;
			children = (
				12245C5E2491DABF004561E0 /* OpeningViewController.swift */,
			);
			path = Opening;
			sourceTree = "<group>";
		};
		12245C602491DE81004561E0 /* Login */ = {
			isa = PBXGroup;
			children = (
				12245C622491DF7A004561E0 /* Login.storyboard */,
			);
			path = Login;
			sourceTree = "<group>";
		};
		12245C642491E2AD004561E0 /* Login */ = {
			isa = PBXGroup;
			children = (
				12245C652491E2C3004561E0 /* LogInViewController.swift */,
			);
			path = Login;
			sourceTree = "<group>";
		};
		122CDE432492BCE3009CA994 /* GetStarted */ = {
			isa = PBXGroup;
			children = (
				122CDE442492BD03009CA994 /* UserNameViewController.swift */,
				122CDE462492BD10009CA994 /* UserLocationViewController.swift */,
				122CDE4B2492C6AA009CA994 /* UserEmailViewController.swift */,
				122CDE4D2492C6B6009CA994 /* UserPhoneNumberViewController.swift */,
				122CDE4F2492C6CD009CA994 /* UserProfileImageViewController.swift */,
				122CDE512492C6DD009CA994 /* UserPasswordViewController.swift */,
			);
			path = GetStarted;
			sourceTree = "<group>";
		};
		122CDE482492C583009CA994 /* MainApp */ = {
			isa = PBXGroup;
			children = (
				122CDE492492C599009CA994 /* MainApp.storyboard */,
			);
			path = MainApp;
			sourceTree = "<group>";
		};
		123E3A032492B72D00953F67 /* Registration */ = {
			isa = PBXGroup;
			children = (
				123E3A042492B73D00953F67 /* Registration.storyboard */,
			);
			path = Registration;
			sourceTree = "<group>";
		};
		128105332493254300390BCF /* Menu */ = {
			isa = PBXGroup;
			children = (
				128105342493255500390BCF /* Menu.storyboard */,
			);
			path = Menu;
			sourceTree = "<group>";
		};
		12BC6AAC2494B0B70037E143 /* Videos */ = {
			isa = PBXGroup;
			children = (
				1257C6AC249679CE00E4EC91 /* EasyTrashClub.mp4 */,
			);
			path = Videos;
			sourceTree = "<group>";
		};
		7C519D72EE45FF35D9D06800 /* Pods */ = {
			isa = PBXGroup;
			children = (
				11568AC62AE4E7F263CD4FB5 /* Pods-EasyTrashClub.debug.xcconfig */,
				5B9FFE4172A493FB56B9E171 /* Pods-EasyTrashClub.release.xcconfig */,
				7888DEADBFB088EC97727B77 /* Pods-EasyTrashClub-EasyTrashClubUITests.debug.xcconfig */,
				13D731842573063D63BE3BCE /* Pods-EasyTrashClub-EasyTrashClubUITests.release.xcconfig */,
				34C559AC90EDC836F470DAFD /* Pods-EasyTrashClubTests.debug.xcconfig */,
				A6C25011F4BD5E29D60B4A2C /* Pods-EasyTrashClubTests.release.xcconfig */,
			);
			path = Pods;
			sourceTree = "<group>";
		};
		C5021538D90ACA1C8ED74C36 /* Frameworks */ = {
			isa = PBXGroup;
			children = (
				01F315B639649D980372B48F /* Pods_EasyTrashClub.framework */,
				C95D8378B3C35496D1A90011 /* Pods_EasyTrashClub_EasyTrashClubUITests.framework */,
				6F7775A2826FEF3AEEDE6DDC /* Pods_EasyTrashClubTests.framework */,
			);
			name = Frameworks;
			sourceTree = "<group>";
		};
/* End PBXGroup section */

/* Begin PBXNativeTarget section */
		12245C202491D1BC004561E0 /* EasyTrashClub */ = {
			isa = PBXNativeTarget;
			buildConfigurationList = 12245C4B2491D1C7004561E0 /* Build configuration list for PBXNativeTarget "EasyTrashClub" */;
			buildPhases = (
				9B06BCAA383268D8CFDB6A4B /* [CP] Check Pods Manifest.lock */,
				12245C1D2491D1BC004561E0 /* Sources */,
				12245C1E2491D1BC004561E0 /* Frameworks */,
				12245C1F2491D1BC004561E0 /* Resources */,
				7D3B6FAD6FCC8F1AFF413DF4 /* [CP] Embed Pods Frameworks */,
			);
			buildRules = (
			);
			dependencies = (
			);
			name = EasyTrashClub;
			productName = EasyTrashClub;
			productReference = 12245C212491D1BC004561E0 /* EasyTrashClub.app */;
			productType = "com.apple.product-type.application";
		};
		12245C362491D1C7004561E0 /* EasyTrashClubTests */ = {
			isa = PBXNativeTarget;
			buildConfigurationList = 12245C4E2491D1C7004561E0 /* Build configuration list for PBXNativeTarget "EasyTrashClubTests" */;
			buildPhases = (
				B82C602D8DC2E7DA44DE527D /* [CP] Check Pods Manifest.lock */,
				12245C332491D1C7004561E0 /* Sources */,
				12245C342491D1C7004561E0 /* Frameworks */,
				12245C352491D1C7004561E0 /* Resources */,
			);
			buildRules = (
			);
			dependencies = (
				12245C392491D1C7004561E0 /* PBXTargetDependency */,
			);
			name = EasyTrashClubTests;
			productName = EasyTrashClubTests;
			productReference = 12245C372491D1C7004561E0 /* EasyTrashClubTests.xctest */;
			productType = "com.apple.product-type.bundle.unit-test";
		};
		12245C412491D1C7004561E0 /* EasyTrashClubUITests */ = {
			isa = PBXNativeTarget;
			buildConfigurationList = 12245C512491D1C7004561E0 /* Build configuration list for PBXNativeTarget "EasyTrashClubUITests" */;
			buildPhases = (
				DFE815C2C81A9E14A889B9CF /* [CP] Check Pods Manifest.lock */,
				12245C3E2491D1C7004561E0 /* Sources */,
				12245C3F2491D1C7004561E0 /* Frameworks */,
				12245C402491D1C7004561E0 /* Resources */,
				B27601D6F6EC625AF9302379 /* [CP] Embed Pods Frameworks */,
			);
			buildRules = (
			);
			dependencies = (
				12245C442491D1C7004561E0 /* PBXTargetDependency */,
			);
			name = EasyTrashClubUITests;
			productName = EasyTrashClubUITests;
			productReference = 12245C422491D1C7004561E0 /* EasyTrashClubUITests.xctest */;
			productType = "com.apple.product-type.bundle.ui-testing";
		};
/* End PBXNativeTarget section */

/* Begin PBXProject section */
		12245C192491D1BC004561E0 /* Project object */ = {
			isa = PBXProject;
			attributes = {
				LastSwiftUpdateCheck = 1150;
				LastUpgradeCheck = 1150;
				ORGANIZATIONNAME = EasyTrashClub;
				TargetAttributes = {
					12245C202491D1BC004561E0 = {
						CreatedOnToolsVersion = 11.5;
					};
					12245C362491D1C7004561E0 = {
						CreatedOnToolsVersion = 11.5;
						TestTargetID = 12245C202491D1BC004561E0;
					};
					12245C412491D1C7004561E0 = {
						CreatedOnToolsVersion = 11.5;
						TestTargetID = 12245C202491D1BC004561E0;
					};
				};
			};
			buildConfigurationList = 12245C1C2491D1BC004561E0 /* Build configuration list for PBXProject "EasyTrashClub" */;
			compatibilityVersion = "Xcode 9.3";
			developmentRegion = en;
			hasScannedForEncodings = 0;
			knownRegions = (
				en,
				Base,
			);
			mainGroup = 12245C182491D1BC004561E0;
			productRefGroup = 12245C222491D1BC004561E0 /* Products */;
			projectDirPath = "";
			projectRoot = "";
			targets = (
				12245C202491D1BC004561E0 /* EasyTrashClub */,
				12245C362491D1C7004561E0 /* EasyTrashClubTests */,
				12245C412491D1C7004561E0 /* EasyTrashClubUITests */,
			);
		};
/* End PBXProject section */

/* Begin PBXResourcesBuildPhase section */
		12245C1F2491D1BC004561E0 /* Resources */ = {
			isa = PBXResourcesBuildPhase;
			buildActionMask = 2147483647;
			files = (
				128105352493255500390BCF /* Menu.storyboard in Resources */,
				126A8C702494901900C80B5D /* GoogleService-Info.plist in Resources */,
				12245C632491DF7A004561E0 /* Login.storyboard in Resources */,
				1257C6AD249679CE00E4EC91 /* EasyTrashClub.mp4 in Resources */,
				12245C312491D1C6004561E0 /* LaunchScreen.storyboard in Resources */,
				12245C2E2491D1C6004561E0 /* Assets.xcassets in Resources */,
				12245C2C2491D1BC004561E0 /* Main.storyboard in Resources */,
				123E3A052492B73D00953F67 /* Registration.storyboard in Resources */,
				122CDE4A2492C599009CA994 /* MainApp.storyboard in Resources */,
			);
			runOnlyForDeploymentPostprocessing = 0;
		};
		12245C352491D1C7004561E0 /* Resources */ = {
			isa = PBXResourcesBuildPhase;
			buildActionMask = 2147483647;
			files = (
			);
			runOnlyForDeploymentPostprocessing = 0;
		};
		12245C402491D1C7004561E0 /* Resources */ = {
			isa = PBXResourcesBuildPhase;
			buildActionMask = 2147483647;
			files = (
			);
			runOnlyForDeploymentPostprocessing = 0;
		};
/* End PBXResourcesBuildPhase section */

/* Begin PBXShellScriptBuildPhase section */
		7D3B6FAD6FCC8F1AFF413DF4 /* [CP] Embed Pods Frameworks */ = {
			isa = PBXShellScriptBuildPhase;
			buildActionMask = 2147483647;
			files = (
			);
			inputFileListPaths = (
				"${PODS_ROOT}/Target Support Files/Pods-EasyTrashClub/Pods-EasyTrashClub-frameworks-${CONFIGURATION}-input-files.xcfilelist",
			);
			name = "[CP] Embed Pods Frameworks";
			outputFileListPaths = (
				"${PODS_ROOT}/Target Support Files/Pods-EasyTrashClub/Pods-EasyTrashClub-frameworks-${CONFIGURATION}-output-files.xcfilelist",
			);
			runOnlyForDeploymentPostprocessing = 0;
			shellPath = /bin/sh;
			shellScript = "\"${PODS_ROOT}/Target Support Files/Pods-EasyTrashClub/Pods-EasyTrashClub-frameworks.sh\"\n";
			showEnvVarsInLog = 0;
		};
		9B06BCAA383268D8CFDB6A4B /* [CP] Check Pods Manifest.lock */ = {
			isa = PBXShellScriptBuildPhase;
			buildActionMask = 2147483647;
			files = (
			);
			inputFileListPaths = (
			);
			inputPaths = (
				"${PODS_PODFILE_DIR_PATH}/Podfile.lock",
				"${PODS_ROOT}/Manifest.lock",
			);
			name = "[CP] Check Pods Manifest.lock";
			outputFileListPaths = (
			);
			outputPaths = (
				"$(DERIVED_FILE_DIR)/Pods-EasyTrashClub-checkManifestLockResult.txt",
			);
			runOnlyForDeploymentPostprocessing = 0;
			shellPath = /bin/sh;
			shellScript = "diff \"${PODS_PODFILE_DIR_PATH}/Podfile.lock\" \"${PODS_ROOT}/Manifest.lock\" > /dev/null\nif [ $? != 0 ] ; then\n    # print error to STDERR\n    echo \"error: The sandbox is not in sync with the Podfile.lock. Run 'pod install' or update your CocoaPods installation.\" >&2\n    exit 1\nfi\n# This output is used by Xcode 'outputs' to avoid re-running this script phase.\necho \"SUCCESS\" > \"${SCRIPT_OUTPUT_FILE_0}\"\n";
			showEnvVarsInLog = 0;
		};
		B27601D6F6EC625AF9302379 /* [CP] Embed Pods Frameworks */ = {
			isa = PBXShellScriptBuildPhase;
			buildActionMask = 2147483647;
			files = (
			);
			inputFileListPaths = (
				"${PODS_ROOT}/Target Support Files/Pods-EasyTrashClub-EasyTrashClubUITests/Pods-EasyTrashClub-EasyTrashClubUITests-frameworks-${CONFIGURATION}-input-files.xcfilelist",
			);
			name = "[CP] Embed Pods Frameworks";
			outputFileListPaths = (
				"${PODS_ROOT}/Target Support Files/Pods-EasyTrashClub-EasyTrashClubUITests/Pods-EasyTrashClub-EasyTrashClubUITests-frameworks-${CONFIGURATION}-output-files.xcfilelist",
			);
			runOnlyForDeploymentPostprocessing = 0;
			shellPath = /bin/sh;
			shellScript = "\"${PODS_ROOT}/Target Support Files/Pods-EasyTrashClub-EasyTrashClubUITests/Pods-EasyTrashClub-EasyTrashClubUITests-frameworks.sh\"\n";
			showEnvVarsInLog = 0;
		};
		B82C602D8DC2E7DA44DE527D /* [CP] Check Pods Manifest.lock */ = {
			isa = PBXShellScriptBuildPhase;
			buildActionMask = 2147483647;
			files = (
			);
			inputFileListPaths = (
			);
			inputPaths = (
				"${PODS_PODFILE_DIR_PATH}/Podfile.lock",
				"${PODS_ROOT}/Manifest.lock",
			);
			name = "[CP] Check Pods Manifest.lock";
			outputFileListPaths = (
			);
			outputPaths = (
				"$(DERIVED_FILE_DIR)/Pods-EasyTrashClubTests-checkManifestLockResult.txt",
			);
			runOnlyForDeploymentPostprocessing = 0;
			shellPath = /bin/sh;
			shellScript = "diff \"${PODS_PODFILE_DIR_PATH}/Podfile.lock\" \"${PODS_ROOT}/Manifest.lock\" > /dev/null\nif [ $? != 0 ] ; then\n    # print error to STDERR\n    echo \"error: The sandbox is not in sync with the Podfile.lock. Run 'pod install' or update your CocoaPods installation.\" >&2\n    exit 1\nfi\n# This output is used by Xcode 'outputs' to avoid re-running this script phase.\necho \"SUCCESS\" > \"${SCRIPT_OUTPUT_FILE_0}\"\n";
			showEnvVarsInLog = 0;
		};
		DFE815C2C81A9E14A889B9CF /* [CP] Check Pods Manifest.lock */ = {
			isa = PBXShellScriptBuildPhase;
			buildActionMask = 2147483647;
			files = (
			);
			inputFileListPaths = (
			);
			inputPaths = (
				"${PODS_PODFILE_DIR_PATH}/Podfile.lock",
				"${PODS_ROOT}/Manifest.lock",
			);
			name = "[CP] Check Pods Manifest.lock";
			outputFileListPaths = (
			);
			outputPaths = (
				"$(DERIVED_FILE_DIR)/Pods-EasyTrashClub-EasyTrashClubUITests-checkManifestLockResult.txt",
			);
			runOnlyForDeploymentPostprocessing = 0;
			shellPath = /bin/sh;
			shellScript = "diff \"${PODS_PODFILE_DIR_PATH}/Podfile.lock\" \"${PODS_ROOT}/Manifest.lock\" > /dev/null\nif [ $? != 0 ] ; then\n    # print error to STDERR\n    echo \"error: The sandbox is not in sync with the Podfile.lock. Run 'pod install' or update your CocoaPods installation.\" >&2\n    exit 1\nfi\n# This output is used by Xcode 'outputs' to avoid re-running this script phase.\necho \"SUCCESS\" > \"${SCRIPT_OUTPUT_FILE_0}\"\n";
			showEnvVarsInLog = 0;
		};
/* End PBXShellScriptBuildPhase section */

/* Begin PBXSourcesBuildPhase section */
		12245C1D2491D1BC004561E0 /* Sources */ = {
			isa = PBXSourcesBuildPhase;
			buildActionMask = 2147483647;
			files = (
				12245C662491E2C3004561E0 /* LogInViewController.swift in Sources */,
				12245C252491D1BC004561E0 /* AppDelegate.swift in Sources */,
				122CDE472492BD10009CA994 /* UserLocationViewController.swift in Sources */,
				12245C5F2491DABF004561E0 /* OpeningViewController.swift in Sources */,
				12245C272491D1BC004561E0 /* SceneDelegate.swift in Sources */,
				122CDE452492BD03009CA994 /* UserNameViewController.swift in Sources */,
				122CDE4C2492C6AA009CA994 /* UserEmailViewController.swift in Sources */,
				122CDE4E2492C6B6009CA994 /* UserPhoneNumberViewController.swift in Sources */,
				122CDE522492C6DD009CA994 /* UserPasswordViewController.swift in Sources */,
				122CDE502492C6CD009CA994 /* UserProfileImageViewController.swift in Sources */,
			);
			runOnlyForDeploymentPostprocessing = 0;
		};
		12245C332491D1C7004561E0 /* Sources */ = {
			isa = PBXSourcesBuildPhase;
			buildActionMask = 2147483647;
			files = (
				12245C3C2491D1C7004561E0 /* EasyTrashClubTests.swift in Sources */,
			);
			runOnlyForDeploymentPostprocessing = 0;
		};
		12245C3E2491D1C7004561E0 /* Sources */ = {
			isa = PBXSourcesBuildPhase;
			buildActionMask = 2147483647;
			files = (
				12245C472491D1C7004561E0 /* EasyTrashClubUITests.swift in Sources */,
			);
			runOnlyForDeploymentPostprocessing = 0;
		};
/* End PBXSourcesBuildPhase section */

/* Begin PBXTargetDependency section */
		12245C392491D1C7004561E0 /* PBXTargetDependency */ = {
			isa = PBXTargetDependency;
			target = 12245C202491D1BC004561E0 /* EasyTrashClub */;
			targetProxy = 12245C382491D1C7004561E0 /* PBXContainerItemProxy */;
		};
		12245C442491D1C7004561E0 /* PBXTargetDependency */ = {
			isa = PBXTargetDependency;
			target = 12245C202491D1BC004561E0 /* EasyTrashClub */;
			targetProxy = 12245C432491D1C7004561E0 /* PBXContainerItemProxy */;
		};
/* End PBXTargetDependency section */

/* Begin PBXVariantGroup section */
		12245C2A2491D1BC004561E0 /* Main.storyboard */ = {
			isa = PBXVariantGroup;
			children = (
				12245C2B2491D1BC004561E0 /* Base */,
			);
			name = Main.storyboard;
			sourceTree = "<group>";
		};
		12245C2F2491D1C6004561E0 /* LaunchScreen.storyboard */ = {
			isa = PBXVariantGroup;
			children = (
				12245C302491D1C6004561E0 /* Base */,
			);
			name = LaunchScreen.storyboard;
			sourceTree = "<group>";
		};
/* End PBXVariantGroup section */

/* Begin XCBuildConfiguration section */
		12245C492491D1C7004561E0 /* Debug */ = {
			isa = XCBuildConfiguration;
			buildSettings = {
				ALWAYS_SEARCH_USER_PATHS = NO;
				CLANG_ANALYZER_NONNULL = YES;
				CLANG_ANALYZER_NUMBER_OBJECT_CONVERSION = YES_AGGRESSIVE;
				CLANG_CXX_LANGUAGE_STANDARD = "gnu++14";
				CLANG_CXX_LIBRARY = "libc++";
				CLANG_ENABLE_MODULES = YES;
				CLANG_ENABLE_OBJC_ARC = YES;
				CLANG_ENABLE_OBJC_WEAK = YES;
				CLANG_WARN_BLOCK_CAPTURE_AUTORELEASING = YES;
				CLANG_WARN_BOOL_CONVERSION = YES;
				CLANG_WARN_COMMA = YES;
				CLANG_WARN_CONSTANT_CONVERSION = YES;
				CLANG_WARN_DEPRECATED_OBJC_IMPLEMENTATIONS = YES;
				CLANG_WARN_DIRECT_OBJC_ISA_USAGE = YES_ERROR;
				CLANG_WARN_DOCUMENTATION_COMMENTS = YES;
				CLANG_WARN_EMPTY_BODY = YES;
				CLANG_WARN_ENUM_CONVERSION = YES;
				CLANG_WARN_INFINITE_RECURSION = YES;
				CLANG_WARN_INT_CONVERSION = YES;
				CLANG_WARN_NON_LITERAL_NULL_CONVERSION = YES;
				CLANG_WARN_OBJC_IMPLICIT_RETAIN_SELF = YES;
				CLANG_WARN_OBJC_LITERAL_CONVERSION = YES;
				CLANG_WARN_OBJC_ROOT_CLASS = YES_ERROR;
				CLANG_WARN_RANGE_LOOP_ANALYSIS = YES;
				CLANG_WARN_STRICT_PROTOTYPES = YES;
				CLANG_WARN_SUSPICIOUS_MOVE = YES;
				CLANG_WARN_UNGUARDED_AVAILABILITY = YES_AGGRESSIVE;
				CLANG_WARN_UNREACHABLE_CODE = YES;
				CLANG_WARN__DUPLICATE_METHOD_MATCH = YES;
				COPY_PHASE_STRIP = NO;
				DEBUG_INFORMATION_FORMAT = dwarf;
				ENABLE_STRICT_OBJC_MSGSEND = YES;
				ENABLE_TESTABILITY = YES;
				GCC_C_LANGUAGE_STANDARD = gnu11;
				GCC_DYNAMIC_NO_PIC = NO;
				GCC_NO_COMMON_BLOCKS = YES;
				GCC_OPTIMIZATION_LEVEL = 0;
				GCC_PREPROCESSOR_DEFINITIONS = (
					"DEBUG=1",
					"$(inherited)",
				);
				GCC_WARN_64_TO_32_BIT_CONVERSION = YES;
				GCC_WARN_ABOUT_RETURN_TYPE = YES_ERROR;
				GCC_WARN_UNDECLARED_SELECTOR = YES;
				GCC_WARN_UNINITIALIZED_AUTOS = YES_AGGRESSIVE;
				GCC_WARN_UNUSED_FUNCTION = YES;
				GCC_WARN_UNUSED_VARIABLE = YES;
				IPHONEOS_DEPLOYMENT_TARGET = 13.5;
				MTL_ENABLE_DEBUG_INFO = INCLUDE_SOURCE;
				MTL_FAST_MATH = YES;
				ONLY_ACTIVE_ARCH = YES;
				SDKROOT = iphoneos;
				SWIFT_ACTIVE_COMPILATION_CONDITIONS = DEBUG;
				SWIFT_OPTIMIZATION_LEVEL = "-Onone";
			};
			name = Debug;
		};
		12245C4A2491D1C7004561E0 /* Release */ = {
			isa = XCBuildConfiguration;
			buildSettings = {
				ALWAYS_SEARCH_USER_PATHS = NO;
				CLANG_ANALYZER_NONNULL = YES;
				CLANG_ANALYZER_NUMBER_OBJECT_CONVERSION = YES_AGGRESSIVE;
				CLANG_CXX_LANGUAGE_STANDARD = "gnu++14";
				CLANG_CXX_LIBRARY = "libc++";
				CLANG_ENABLE_MODULES = YES;
				CLANG_ENABLE_OBJC_ARC = YES;
				CLANG_ENABLE_OBJC_WEAK = YES;
				CLANG_WARN_BLOCK_CAPTURE_AUTORELEASING = YES;
				CLANG_WARN_BOOL_CONVERSION = YES;
				CLANG_WARN_COMMA = YES;
				CLANG_WARN_CONSTANT_CONVERSION = YES;
				CLANG_WARN_DEPRECATED_OBJC_IMPLEMENTATIONS = YES;
				CLANG_WARN_DIRECT_OBJC_ISA_USAGE = YES_ERROR;
				CLANG_WARN_DOCUMENTATION_COMMENTS = YES;
				CLANG_WARN_EMPTY_BODY = YES;
				CLANG_WARN_ENUM_CONVERSION = YES;
				CLANG_WARN_INFINITE_RECURSION = YES;
				CLANG_WARN_INT_CONVERSION = YES;
				CLANG_WARN_NON_LITERAL_NULL_CONVERSION = YES;
				CLANG_WARN_OBJC_IMPLICIT_RETAIN_SELF = YES;
				CLANG_WARN_OBJC_LITERAL_CONVERSION = YES;
				CLANG_WARN_OBJC_ROOT_CLASS = YES_ERROR;
				CLANG_WARN_RANGE_LOOP_ANALYSIS = YES;
				CLANG_WARN_STRICT_PROTOTYPES = YES;
				CLANG_WARN_SUSPICIOUS_MOVE = YES;
				CLANG_WARN_UNGUARDED_AVAILABILITY = YES_AGGRESSIVE;
				CLANG_WARN_UNREACHABLE_CODE = YES;
				CLANG_WARN__DUPLICATE_METHOD_MATCH = YES;
				COPY_PHASE_STRIP = NO;
				DEBUG_INFORMATION_FORMAT = "dwarf-with-dsym";
				ENABLE_NS_ASSERTIONS = NO;
				ENABLE_STRICT_OBJC_MSGSEND = YES;
				GCC_C_LANGUAGE_STANDARD = gnu11;
				GCC_NO_COMMON_BLOCKS = YES;
				GCC_WARN_64_TO_32_BIT_CONVERSION = YES;
				GCC_WARN_ABOUT_RETURN_TYPE = YES_ERROR;
				GCC_WARN_UNDECLARED_SELECTOR = YES;
				GCC_WARN_UNINITIALIZED_AUTOS = YES_AGGRESSIVE;
				GCC_WARN_UNUSED_FUNCTION = YES;
				GCC_WARN_UNUSED_VARIABLE = YES;
				IPHONEOS_DEPLOYMENT_TARGET = 13.5;
				MTL_ENABLE_DEBUG_INFO = NO;
				MTL_FAST_MATH = YES;
				SDKROOT = iphoneos;
				SWIFT_COMPILATION_MODE = wholemodule;
				SWIFT_OPTIMIZATION_LEVEL = "-O";
				VALIDATE_PRODUCT = YES;
			};
			name = Release;
		};
		12245C4C2491D1C7004561E0 /* Debug */ = {
			isa = XCBuildConfiguration;
			baseConfigurationReference = 11568AC62AE4E7F263CD4FB5 /* Pods-EasyTrashClub.debug.xcconfig */;
			buildSettings = {
				ASSETCATALOG_COMPILER_APPICON_NAME = AppIcon;
				CODE_SIGN_STYLE = Automatic;
				DEVELOPMENT_TEAM = 6R6MQNLHPL;
				INFOPLIST_FILE = "/Users/lambda_school_loaner_226/Desktop/Projects/EasyTrashClub/Easy-Trash-Club-iOS/EasyTrashClub/EasyTrashClub/Resources/Info.plist";
				IPHONEOS_DEPLOYMENT_TARGET = 13.0;
				LD_RUNPATH_SEARCH_PATHS = (
					"$(inherited)",
					"@executable_path/Frameworks",
				);
				PRODUCT_BUNDLE_IDENTIFIER = com.EasyTrashClub.EasyTrashClub;
				PRODUCT_NAME = "$(TARGET_NAME)";
				SWIFT_VERSION = 5.0;
				TARGETED_DEVICE_FAMILY = "1,2";
			};
			name = Debug;
		};
		12245C4D2491D1C7004561E0 /* Release */ = {
			isa = XCBuildConfiguration;
			baseConfigurationReference = 5B9FFE4172A493FB56B9E171 /* Pods-EasyTrashClub.release.xcconfig */;
			buildSettings = {
				ASSETCATALOG_COMPILER_APPICON_NAME = AppIcon;
				CODE_SIGN_STYLE = Automatic;
				DEVELOPMENT_TEAM = 6R6MQNLHPL;
				INFOPLIST_FILE = "/Users/lambda_school_loaner_226/Desktop/Projects/EasyTrashClub/Easy-Trash-Club-iOS/EasyTrashClub/EasyTrashClub/Resources/Info.plist";
				IPHONEOS_DEPLOYMENT_TARGET = 13.0;
				LD_RUNPATH_SEARCH_PATHS = (
					"$(inherited)",
					"@executable_path/Frameworks",
				);
				PRODUCT_BUNDLE_IDENTIFIER = com.EasyTrashClub.EasyTrashClub;
				PRODUCT_NAME = "$(TARGET_NAME)";
				SWIFT_VERSION = 5.0;
				TARGETED_DEVICE_FAMILY = "1,2";
			};
			name = Release;
		};
		12245C4F2491D1C7004561E0 /* Debug */ = {
			isa = XCBuildConfiguration;
			baseConfigurationReference = 34C559AC90EDC836F470DAFD /* Pods-EasyTrashClubTests.debug.xcconfig */;
			buildSettings = {
				ALWAYS_EMBED_SWIFT_STANDARD_LIBRARIES = YES;
				BUNDLE_LOADER = "$(TEST_HOST)";
				CODE_SIGN_STYLE = Automatic;
				DEVELOPMENT_TEAM = 6R6MQNLHPL;
				INFOPLIST_FILE = EasyTrashClubTests/Info.plist;
				IPHONEOS_DEPLOYMENT_TARGET = 13.5;
				LD_RUNPATH_SEARCH_PATHS = (
					"$(inherited)",
					"@executable_path/Frameworks",
					"@loader_path/Frameworks",
				);
				PRODUCT_BUNDLE_IDENTIFIER = com.EasyTrashClub.EasyTrashClubTests;
				PRODUCT_NAME = "$(TARGET_NAME)";
				SWIFT_VERSION = 5.0;
				TARGETED_DEVICE_FAMILY = "1,2";
				TEST_HOST = "$(BUILT_PRODUCTS_DIR)/EasyTrashClub.app/EasyTrashClub";
			};
			name = Debug;
		};
		12245C502491D1C7004561E0 /* Release */ = {
			isa = XCBuildConfiguration;
			baseConfigurationReference = A6C25011F4BD5E29D60B4A2C /* Pods-EasyTrashClubTests.release.xcconfig */;
			buildSettings = {
				ALWAYS_EMBED_SWIFT_STANDARD_LIBRARIES = YES;
				BUNDLE_LOADER = "$(TEST_HOST)";
				CODE_SIGN_STYLE = Automatic;
				DEVELOPMENT_TEAM = 6R6MQNLHPL;
				INFOPLIST_FILE = EasyTrashClubTests/Info.plist;
				IPHONEOS_DEPLOYMENT_TARGET = 13.5;
				LD_RUNPATH_SEARCH_PATHS = (
					"$(inherited)",
					"@executable_path/Frameworks",
					"@loader_path/Frameworks",
				);
				PRODUCT_BUNDLE_IDENTIFIER = com.EasyTrashClub.EasyTrashClubTests;
				PRODUCT_NAME = "$(TARGET_NAME)";
				SWIFT_VERSION = 5.0;
				TARGETED_DEVICE_FAMILY = "1,2";
				TEST_HOST = "$(BUILT_PRODUCTS_DIR)/EasyTrashClub.app/EasyTrashClub";
			};
			name = Release;
		};
		12245C522491D1C7004561E0 /* Debug */ = {
			isa = XCBuildConfiguration;
			baseConfigurationReference = 7888DEADBFB088EC97727B77 /* Pods-EasyTrashClub-EasyTrashClubUITests.debug.xcconfig */;
			buildSettings = {
				ALWAYS_EMBED_SWIFT_STANDARD_LIBRARIES = YES;
				CODE_SIGN_STYLE = Automatic;
				DEVELOPMENT_TEAM = 6R6MQNLHPL;
				INFOPLIST_FILE = EasyTrashClubUITests/Info.plist;
				LD_RUNPATH_SEARCH_PATHS = (
					"$(inherited)",
					"@executable_path/Frameworks",
					"@loader_path/Frameworks",
				);
				PRODUCT_BUNDLE_IDENTIFIER = com.EasyTrashClub.EasyTrashClubUITests;
				PRODUCT_NAME = "$(TARGET_NAME)";
				SWIFT_VERSION = 5.0;
				TARGETED_DEVICE_FAMILY = "1,2";
				TEST_TARGET_NAME = EasyTrashClub;
			};
			name = Debug;
		};
		12245C532491D1C7004561E0 /* Release */ = {
			isa = XCBuildConfiguration;
			baseConfigurationReference = 13D731842573063D63BE3BCE /* Pods-EasyTrashClub-EasyTrashClubUITests.release.xcconfig */;
			buildSettings = {
				ALWAYS_EMBED_SWIFT_STANDARD_LIBRARIES = YES;
				CODE_SIGN_STYLE = Automatic;
				DEVELOPMENT_TEAM = 6R6MQNLHPL;
				INFOPLIST_FILE = EasyTrashClubUITests/Info.plist;
				LD_RUNPATH_SEARCH_PATHS = (
					"$(inherited)",
					"@executable_path/Frameworks",
					"@loader_path/Frameworks",
				);
				PRODUCT_BUNDLE_IDENTIFIER = com.EasyTrashClub.EasyTrashClubUITests;
				PRODUCT_NAME = "$(TARGET_NAME)";
				SWIFT_VERSION = 5.0;
				TARGETED_DEVICE_FAMILY = "1,2";
				TEST_TARGET_NAME = EasyTrashClub;
			};
			name = Release;
		};
/* End XCBuildConfiguration section */

/* Begin XCConfigurationList section */
		12245C1C2491D1BC004561E0 /* Build configuration list for PBXProject "EasyTrashClub" */ = {
			isa = XCConfigurationList;
			buildConfigurations = (
				12245C492491D1C7004561E0 /* Debug */,
				12245C4A2491D1C7004561E0 /* Release */,
			);
			defaultConfigurationIsVisible = 0;
			defaultConfigurationName = Release;
		};
		12245C4B2491D1C7004561E0 /* Build configuration list for PBXNativeTarget "EasyTrashClub" */ = {
			isa = XCConfigurationList;
			buildConfigurations = (
				12245C4C2491D1C7004561E0 /* Debug */,
				12245C4D2491D1C7004561E0 /* Release */,
			);
			defaultConfigurationIsVisible = 0;
			defaultConfigurationName = Release;
		};
		12245C4E2491D1C7004561E0 /* Build configuration list for PBXNativeTarget "EasyTrashClubTests" */ = {
			isa = XCConfigurationList;
			buildConfigurations = (
				12245C4F2491D1C7004561E0 /* Debug */,
				12245C502491D1C7004561E0 /* Release */,
			);
			defaultConfigurationIsVisible = 0;
			defaultConfigurationName = Release;
		};
		12245C512491D1C7004561E0 /* Build configuration list for PBXNativeTarget "EasyTrashClubUITests" */ = {
			isa = XCConfigurationList;
			buildConfigurations = (
				12245C522491D1C7004561E0 /* Debug */,
				12245C532491D1C7004561E0 /* Release */,
			);
			defaultConfigurationIsVisible = 0;
			defaultConfigurationName = Release;
		};
/* End XCConfigurationList section */
	};
	rootObject = 12245C192491D1BC004561E0 /* Project object */;
}
